
Microsoft Visual Studio Solution File, Format Version 12.00
# Visual Studio Version 16
VisualStudioVersion = 16.0.30621.155
MinimumVisualStudioVersion = 10.0.40219.1
Project("{FAE04EC0-301F-11D3-BF4B-00C04F79EFBC}") = "Lesson4", "Lesson4.csproj", "{C1867B42-15D8-49F2-9248-70A9553EA5EE}"
EndProject
Global
	GlobalSection(SolutionConfigurationPlatforms) = preSolution
		Debug|Any CPU = Debug|Any CPU
		Release|Any CPU = Release|Any CPU
	EndGlobalSection
	GlobalSection(ProjectConfigurationPlatforms) = postSolution
		{C1867B42-15D8-49F2-9248-70A9553EA5EE}.Debug|Any CPU.ActiveCfg = Debug|Any CPU
		{C1867B42-15D8-49F2-9248-70A9553EA5EE}.Debug|Any CPU.Build.0 = Debug|Any CPU
		{C1867B42-15D8-49F2-9248-70A9553EA5EE}.Release|Any CPU.ActiveCfg = Release|Any CPU
		{C1867B42-15D8-49F2-9248-70A9553EA5EE}.Release|Any CPU.Build.0 = Release|Any CPU
	EndGlobalSection
	GlobalSection(SolutionProperties) = preSolution
		HideSolutionNode = FALSE
	EndGlobalSection
	GlobalSection(ExtensibilityGlobals) = postSolution
		SolutionGuid = {AC57746E-CF26-436E-8A7F-3AEE3BA8FF91}
	EndGlobalSection
EndGlobal
